
Microsoft Visual Studio Solution File, Format Version 12.00
# Visual Studio Version 17
VisualStudioVersion = 17.14.36623.8
MinimumVisualStudioVersion = 10.0.40219.1
Project("{FAE04EC0-301F-11D3-BF4B-00C04F79EFBC}") = "MinimalApiApp", "MinimalApiApp.csproj", "{1D1CF1A3-B24A-78F8-D847-FBEE270DAB7E}"
EndProject
Project("{2150E333-8FDC-42A3-9474-1A3956D46DE8}") = "IntegrationTests", "IntegrationTests", "{1D262D65-7495-6CB3-7B98-55E7B311B78D}"
EndProject
Project("{FAE04EC0-301F-11D3-BF4B-00C04F79EFBC}") = "MinimalApiApp.IntegrationTests", "IntegrationTests\MinimalApiApp.IntegrationTests.csproj", "{BA380254-10AF-481E-95A3-0F56E9BD926F}"
EndProject
Project("{2150E333-8FDC-42A3-9474-1A3956D46DE8}") = "UnitTests", "UnitTests", "{2F646680-91A4-F107-74F4-9BF3126A0F16}"
EndProject
Project("{FAE04EC0-301F-11D3-BF4B-00C04F79EFBC}") = "MinimalApiApp.UnitTests", "UnitTests\MinimalApiApp.UnitTests.csproj", "{B6B01A60-5B71-4226-B4B3-C420690D2BCC}"
EndProject
Global
	GlobalSection(SolutionConfigurationPlatforms) = preSolution
		Debug|Any CPU = Debug|Any CPU
		Debug|x64 = Debug|x64
		Debug|x86 = Debug|x86
		Release|Any CPU = Release|Any CPU
		Release|x64 = Release|x64
		Release|x86 = Release|x86
	EndGlobalSection
	GlobalSection(ProjectConfigurationPlatforms) = postSolution
		{1D1CF1A3-B24A-78F8-D847-FBEE270DAB7E}.Debug|Any CPU.ActiveCfg = Debug|Any CPU
		{1D1CF1A3-B24A-78F8-D847-FBEE270DAB7E}.Debug|Any CPU.Build.0 = Debug|Any CPU
		{1D1CF1A3-B24A-78F8-D847-FBEE270DAB7E}.Debug|x64.ActiveCfg = Debug|Any CPU
		{1D1CF1A3-B24A-78F8-D847-FBEE270DAB7E}.Debug|x64.Build.0 = Debug|Any CPU
		{1D1CF1A3-B24A-78F8-D847-FBEE270DAB7E}.Debug|x86.ActiveCfg = Debug|Any CPU
		{1D1CF1A3-B24A-78F8-D847-FBEE270DAB7E}.Debug|x86.Build.0 = Debug|Any CPU
		{1D1CF1A3-B24A-78F8-D847-FBEE270DAB7E}.Release|Any CPU.ActiveCfg = Release|Any CPU
		{1D1CF1A3-B24A-78F8-D847-FBEE270DAB7E}.Release|Any CPU.Build.0 = Release|Any CPU
		{1D1CF1A3-B24A-78F8-D847-FBEE270DAB7E}.Release|x64.ActiveCfg = Release|Any CPU
		{1D1CF1A3-B24A-78F8-D847-FBEE270DAB7E}.Release|x64.Build.0 = Release|Any CPU
		{1D1CF1A3-B24A-78F8-D847-FBEE270DAB7E}.Release|x86.ActiveCfg = Release|Any CPU
		{1D1CF1A3-B24A-78F8-D847-FBEE270DAB7E}.Release|x86.Build.0 = Release|Any CPU
		{BA380254-10AF-481E-95A3-0F56E9BD926F}.Debug|Any CPU.ActiveCfg = Debug|Any CPU
		{BA380254-10AF-481E-95A3-0F56E9BD926F}.Debug|Any CPU.Build.0 = Debug|Any CPU
		{BA380254-10AF-481E-95A3-0F56E9BD926F}.Debug|x64.ActiveCfg = Debug|Any CPU
		{BA380254-10AF-481E-95A3-0F56E9BD926F}.Debug|x64.Build.0 = Debug|Any CPU
		{BA380254-10AF-481E-95A3-0F56E9BD926F}.Debug|x86.ActiveCfg = Debug|Any CPU
		{BA380254-10AF-481E-95A3-0F56E9BD926F}.Debug|x86.Build.0 = Debug|Any CPU
		{BA380254-10AF-481E-95A3-0F56E9BD926F}.Release|Any CPU.ActiveCfg = Release|Any CPU
		{BA380254-10AF-481E-95A3-0F56E9BD926F}.Release|Any CPU.Build.0 = Release|Any CPU
		{BA380254-10AF-481E-95A3-0F56E9BD926F}.Release|x64.ActiveCfg = Release|Any CPU
		{BA380254-10AF-481E-95A3-0F56E9BD926F}.Release|x64.Build.0 = Release|Any CPU
		{BA380254-10AF-481E-95A3-0F56E9BD926F}.Release|x86.ActiveCfg = Release|Any CPU
		{BA380254-10AF-481E-95A3-0F56E9BD926F}.Release|x86.Build.0 = Release|Any CPU
		{B6B01A60-5B71-4226-B4B3-C420690D2BCC}.Debug|Any CPU.ActiveCfg = Debug|Any CPU
		{B6B01A60-5B71-4226-B4B3-C420690D2BCC}.Debug|Any CPU.Build.0 = Debug|Any CPU
		{B6B01A60-5B71-4226-B4B3-C420690D2BCC}.Debug|x64.ActiveCfg = Debug|Any CPU
		{B6B01A60-5B71-4226-B4B3-C420690D2BCC}.Debug|x64.Build.0 = Debug|Any CPU
		{B6B01A60-5B71-4226-B4B3-C420690D2BCC}.Debug|x86.ActiveCfg = Debug|Any CPU
		{B6B01A60-5B71-4226-B4B3-C420690D2BCC}.Debug|x86.Build.0 = Debug|Any CPU
		{B6B01A60-5B71-4226-B4B3-C420690D2BCC}.Release|Any CPU.ActiveCfg = Release|Any CPU
		{B6B01A60-5B71-4226-B4B3-C420690D2BCC}.Release|Any CPU.Build.0 = Release|Any CPU
		{B6B01A60-5B71-4226-B4B3-C420690D2BCC}.Release|x64.ActiveCfg = Release|Any CPU
		{B6B01A60-5B71-4226-B4B3-C420690D2BCC}.Release|x64.Build.0 = Release|Any CPU
		{B6B01A60-5B71-4226-B4B3-C420690D2BCC}.Release|x86.ActiveCfg = Release|Any CPU
		{B6B01A60-5B71-4226-B4B3-C420690D2BCC}.Release|x86.Build.0 = Release|Any CPU
	EndGlobalSection
	GlobalSection(SolutionProperties) = preSolution
		HideSolutionNode = FALSE
	EndGlobalSection
	GlobalSection(NestedProjects) = preSolution
		{BA380254-10AF-481E-95A3-0F56E9BD926F} = {1D262D65-7495-6CB3-7B98-55E7B311B78D}
		{B6B01A60-5B71-4226-B4B3-C420690D2BCC} = {2F646680-91A4-F107-74F4-9BF3126A0F16}
	EndGlobalSection
	GlobalSection(ExtensibilityGlobals) = postSolution
		SolutionGuid = {DA565DAD-B4B4-481D-8941-84132C39C578}
	EndGlobalSection
EndGlobal
